schema: '2.0'
stages:
  data_ingestion:
    cmd: python src/data_ingestion.py
    deps:
    - path: src/data_ingestion.py
      hash: md5
      md5: a1a0651695594178ec0134e329f61b73
      size: 3625
    params:
      params.yaml:
        data_ingestion.test_size: 0.3
    outs:
    - path: data/raw
      hash: md5
      md5: d26befd2dda9438254177d9000d9ba1f.dir
      size: 484846
      nfiles: 2
  data_preprocessing:
    cmd: python src/data_preprocessing.py
    deps:
    - path: data/raw
      hash: md5
      md5: d26befd2dda9438254177d9000d9ba1f.dir
      size: 484846
      nfiles: 2
    - path: src/data_preprocessing.py
      hash: md5
      md5: 29e651bc6ad8b328108f6afd40cf7f30
      size: 3977
    outs:
    - path: data/interim
      hash: md5
      md5: 61ca13b2e20854a1f7bacbbcfeca409e.dir
      size: 262513
      nfiles: 2
  feature_engineering:
    cmd: python src/feature_engineering.py
    deps:
    - path: data/interim
      hash: md5
      md5: 61ca13b2e20854a1f7bacbbcfeca409e.dir
      size: 262513
      nfiles: 2
    - path: src/feature_engineering.py
      hash: md5
      md5: d923fc618b0489e515f2014af24c7aaf
      size: 3893
    params:
      params.yaml:
        feature_engineering.max_features: 55
    outs:
    - path: data/processed
      hash: md5
      md5: 4301660d15cd4104b8185f85a97a25ab.dir
      size: 1302471
      nfiles: 2
  model_building:
    cmd: python src/model_building.py
    deps:
    - path: data/processed
      hash: md5
      md5: 4301660d15cd4104b8185f85a97a25ab.dir
      size: 1302471
      nfiles: 2
    - path: src/model_building.py
      hash: md5
      md5: 189c75242300b921f8e385f2871d7bdf
      size: 4435
    params:
      params.yaml:
        model_building.n_estimators: 25
        model_building.random_state: 2
    outs:
    - path: models/model.pkl
      hash: md5
      md5: d50ce4b648ff2f8136d199067385023d
      size: 959895
  model_evaluation:
    cmd: python src/model_evaluation.py
    deps:
    - path: models/model.pkl
      hash: md5
      md5: d50ce4b648ff2f8136d199067385023d
      size: 959895
    - path: src/model_evaluation.py
      hash: md5
      md5: fe4779e8432b495d210082100934f851
      size: 4682
    outs:
    - path: reports/metrics.json
      hash: md5
      md5: eaa2791bebae571ba7d63830da3d189e
      size: 145
